# This file is generated by running "yarn install" inside your project.

__metadata:
  version: 8
  cacheKey: 10c0

"lodash@npm:^4.17.21":
  version: 4.17.21
  resolution: "lodash@npm:4.17.21"
  checksum: 0/deadbeef
  languageName: node
  linkType: hard

"@types/node@npm:^20.0.0":
  version: 20.11.0
  resolution: "@types/node@npm:20.11.0"
  checksum: 0/deadbeef
  languageName: node
  linkType: hard

"express@npm:^4.18.0":
  version: 4.18.2
  resolution: "express@npm:4.18.2"
  dependencies:
    accepts: "npm:^1.3.8"
    debug: "npm:^2.6.9"
    qs: "npm:~6.11.0"
  languageName: node
  linkType: hard

"debug@npm:^2.6.9":
  version: 2.6.9
  resolution: "debug@npm:2.6.9"
  languageName: node
  linkType: hard

"accepts@npm:^1.3.8":
  version: 1.3.8
  resolution: "accepts@npm:1.3.8"
  languageName: node
  linkType: hard

"qs@npm:~6.11.0":
  version: 6.11.0
  resolution: "qs@npm:6.11.0"
  languageName: node
  linkType: hard

"local-pkg@workspace:packages/local-pkg":
  version: 0.0.0-use.local
  resolution: "local-pkg@workspace:packages/local-pkg"
  languageName: unknown
  linkType: soft

"patched-pkg@patch:patched-pkg@npm%3A1.0.0#./patches/patched-pkg.patch":
  version: 1.0.0
  resolution: "patched-pkg@patch:patched-pkg@npm%3A1.0.0#./patches/patched-pkg.patch::version=1.0.0&hash=abcd"
  languageName: node
  linkType: hard
